
Microsoft Visual Studio Solution File, Format Version 12.00
# Visual Studio 2013
VisualStudioVersion = 12.0.31101.0
MinimumVisualStudioVersion = 10.0.40219.1
Project("{FAE04EC0-301F-11D3-BF4B-00C04F79EFBC}") = "ProteinManagementSystem.Web", "ProteinManagementSystem.Web\ProteinManagementSystem.Web.csproj", "{1EFB8A45-235B-4FA9-9790-719DD2A91CE9}"
EndProject
Project("{00D1A9C2-B5F0-4AF3-8072-F6C62B433612}") = "ProteinManagementSystem.Database", "ProteinManagementSystem.Database\ProteinManagementSystem.Database.sqlproj", "{D33A2735-1B4B-48D4-8D2D-4BEB27F98DBD}"
EndProject
Global
	GlobalSection(SolutionConfigurationPlatforms) = preSolution
		Debug|Any CPU = Debug|Any CPU
		Release|Any CPU = Release|Any CPU
	EndGlobalSection
	GlobalSection(ProjectConfigurationPlatforms) = postSolution
		{1EFB8A45-235B-4FA9-9790-719DD2A91CE9}.Debug|Any CPU.ActiveCfg = Debug|Any CPU
		{1EFB8A45-235B-4FA9-9790-719DD2A91CE9}.Debug|Any CPU.Build.0 = Debug|Any CPU
		{1EFB8A45-235B-4FA9-9790-719DD2A91CE9}.Release|Any CPU.ActiveCfg = Release|Any CPU
		{1EFB8A45-235B-4FA9-9790-719DD2A91CE9}.Release|Any CPU.Build.0 = Release|Any CPU
		{D33A2735-1B4B-48D4-8D2D-4BEB27F98DBD}.Debug|Any CPU.ActiveCfg = Debug|Any CPU
		{D33A2735-1B4B-48D4-8D2D-4BEB27F98DBD}.Debug|Any CPU.Build.0 = Debug|Any CPU
		{D33A2735-1B4B-48D4-8D2D-4BEB27F98DBD}.Debug|Any CPU.Deploy.0 = Debug|Any CPU
		{D33A2735-1B4B-48D4-8D2D-4BEB27F98DBD}.Release|Any CPU.ActiveCfg = Release|Any CPU
		{D33A2735-1B4B-48D4-8D2D-4BEB27F98DBD}.Release|Any CPU.Build.0 = Release|Any CPU
		{D33A2735-1B4B-48D4-8D2D-4BEB27F98DBD}.Release|Any CPU.Deploy.0 = Release|Any CPU
	EndGlobalSection
	GlobalSection(SolutionProperties) = preSolution
		HideSolutionNode = FALSE
	EndGlobalSection
EndGlobal
